
Microsoft Visual Studio Solution File, Format Version 12.00
# Visual Studio Version 17
VisualStudioVersion = 17.14.36603.0
MinimumVisualStudioVersion = 10.0.40219.1
Project("{2150E333-8FDC-42A3-9474-1A3956D46DE8}") = "Task0", "Task0", "{02EA681E-C7D8-13C7-8484-4AC65E1B71E8}"
EndProject
Project("{FAE04EC0-301F-11D3-BF4B-00C04F79EFBC}") = "Tyuiu.AymurzinaJV.Sprint4.Task0.V9", "Tyuiu.AymurzinaJV.Sprint4.Task0.V9\Tyuiu.AymurzinaJV.Sprint4.Task0.V9.csproj", "{0C3C39FC-62CE-49F7-AA36-20FA979CDD74}"
EndProject
Project("{FAE04EC0-301F-11D3-BF4B-00C04F79EFBC}") = "Tyuiu.AymurzinaJV.Sprint4.Task0.V9.Lib", "Tyuiu.AymurzinaJV.Sprint4.Task0.V9.Lib\Tyuiu.AymurzinaJV.Sprint4.Task0.V9.Lib.csproj", "{E9493DFF-9479-4491-BF99-DFA4F8C06C4D}"
EndProject
Project("{FAE04EC0-301F-11D3-BF4B-00C04F79EFBC}") = "Tyuiu.AymurzinaJV.Sprint4.Task0.V9.Test", "Tyuiu.AymurzinaJV.Sprint4.Task0.V9.Test\Tyuiu.AymurzinaJV.Sprint4.Task0.V9.Test.csproj", "{2FF9EF74-8CC0-4FA1-BA97-318898970B48}"
EndProject
Project("{2150E333-8FDC-42A3-9474-1A3956D46DE8}") = "Task1", "Task1", "{E30DCCAB-65A0-47DA-8A1A-430E4055DC09}"
EndProject
Project("{FAE04EC0-301F-11D3-BF4B-00C04F79EFBC}") = "Tyuiu.AymurzinaJV.Sprint4.Task1.V14", "Tyuiu.AymurzinaJV.Sprint4.Task1.V14\Tyuiu.AymurzinaJV.Sprint4.Task1.V14.csproj", "{2D51DB15-46CF-45A2-B61C-EFC295C083B2}"
EndProject
Project("{FAE04EC0-301F-11D3-BF4B-00C04F79EFBC}") = "Tyuiu.AymurzinaJV.Sprint4.Task1.V14.Lib", "Tyuiu.AymurzinaJV.Sprint4.Task1.V14.Lib\Tyuiu.AymurzinaJV.Sprint4.Task1.V14.Lib.csproj", "{ACEE526D-97D4-4E70-9016-496FC193346D}"
EndProject
Project("{FAE04EC0-301F-11D3-BF4B-00C04F79EFBC}") = "Tyuiu.AymurzinaJV.Sprint4.Task1.V14.Test", "Tyuiu.AymurzinaJV.Sprint4.Task1.V14.Test\Tyuiu.AymurzinaJV.Sprint4.Task1.V14.Test.csproj", "{4D34CF21-ADAB-491D-9EF1-91A02B344AB4}"
EndProject
Project("{2150E333-8FDC-42A3-9474-1A3956D46DE8}") = "Task2", "Task2", "{42343578-713D-40C1-BBDC-D108A4A97DA8}"
EndProject
Project("{FAE04EC0-301F-11D3-BF4B-00C04F79EFBC}") = "Tyuiu.AymurzinaJV.Sprint4.Task2.V8", "Tyuiu.AymurzinaJV.Sprint4.Task2.V8\Tyuiu.AymurzinaJV.Sprint4.Task2.V8.csproj", "{B1F8D75B-AFDE-4879-A154-4C2C64E4D602}"
EndProject
Project("{FAE04EC0-301F-11D3-BF4B-00C04F79EFBC}") = "Tyuiu.AymurzinaJV.Sprint4.Task2.V8.Lib", "Tyuiu.AymurzinaJV.Sprint4.Task2.V8.Lib\Tyuiu.AymurzinaJV.Sprint4.Task2.V8.Lib.csproj", "{68B0CA57-28E6-443C-89D4-78A5581FA4BB}"
EndProject
Project("{FAE04EC0-301F-11D3-BF4B-00C04F79EFBC}") = "Tyuiu.AymurzinaJV.Sprint4.Task2.V8.Test", "Tyuiu.AymurzinaJV.Sprint4.Task2.V8.Test\Tyuiu.AymurzinaJV.Sprint4.Task2.V8.Test.csproj", "{0251D44E-732F-4201-B1AA-734966ED1323}"
EndProject
Project("{2150E333-8FDC-42A3-9474-1A3956D46DE8}") = "Task3", "Task3", "{3FE021B5-6ABF-43A2-8737-F4A63CC141F5}"
EndProject
Project("{FAE04EC0-301F-11D3-BF4B-00C04F79EFBC}") = "Tyuiu.AymurzinaJV.Sprint4.Task3.V24", "Tyuiu.AymurzinaJV.Sprint4.Task3.V24\Tyuiu.AymurzinaJV.Sprint4.Task3.V24.csproj", "{FD9AC2E6-4BC9-4F75-84F3-8EB540B5EDE2}"
EndProject
Project("{FAE04EC0-301F-11D3-BF4B-00C04F79EFBC}") = "Tyuiu.AymurzinaJV.Sprint4.Task3.V24.Lib", "Tyuiu.AymurzinaJV.Sprint4.Task3.V24.Lib\Tyuiu.AymurzinaJV.Sprint4.Task3.V24.Lib.csproj", "{0945530E-72A8-494F-A02A-20D1A0FEFC56}"
EndProject
Project("{FAE04EC0-301F-11D3-BF4B-00C04F79EFBC}") = "Tyuiu.AymurzinaJV.Sprint4.Task3.V24.Test", "Tyuiu.AymurzinaJV.Sprint4.Task3.V24.Test\Tyuiu.AymurzinaJV.Sprint4.Task3.V24.Test.csproj", "{9F1A1EDA-42F5-4A7F-904C-FA6D73638C09}"
EndProject
Project("{2150E333-8FDC-42A3-9474-1A3956D46DE8}") = "Task4", "Task4", "{0536F4B4-A738-4EBC-B314-0B16ED777E16}"
EndProject
Project("{FAE04EC0-301F-11D3-BF4B-00C04F79EFBC}") = "Tyuiu.AymurzinaJV.Sprint4.Task4.V8", "Tyuiu.AymurzinaJV.Sprint4.Task4.V8\Tyuiu.AymurzinaJV.Sprint4.Task4.V8.csproj", "{B41B1DA6-112B-4899-BF8D-00E67C7D8F74}"
EndProject
Project("{FAE04EC0-301F-11D3-BF4B-00C04F79EFBC}") = "Tyuiu.AymurzinaJV.Sprint4.Task4.V8.Lib", "Tyuiu.AymurzinaJV.Sprint4.Task4.V8.Lib\Tyuiu.AymurzinaJV.Sprint4.Task4.V8.Lib.csproj", "{13DFD136-B927-4665-A2DC-C408B51D15BC}"
EndProject
Project("{FAE04EC0-301F-11D3-BF4B-00C04F79EFBC}") = "Tyuiu.AymurzinaJV.Sprint4.Task4.V8.Test", "Tyuiu.AymurzinaJV.Sprint4.Task4.V8.Test\Tyuiu.AymurzinaJV.Sprint4.Task4.V8.Test.csproj", "{E6A7509E-73F6-4F6C-912A-29B00EA0AA14}"
EndProject
Project("{2150E333-8FDC-42A3-9474-1A3956D46DE8}") = "Task5", "Task5", "{BE4E099D-41D2-4767-AE51-E694100B2BAC}"
EndProject
Project("{FAE04EC0-301F-11D3-BF4B-00C04F79EFBC}") = "Tyuiu.AymurzinaJV.Sprint4.Task5.V16", "Tyuiu.AymurzinaJV.Sprint4.Task5.V16\Tyuiu.AymurzinaJV.Sprint4.Task5.V16.csproj", "{0DC5E53A-09B5-437A-A074-E0321CD3C8CE}"
EndProject
Project("{FAE04EC0-301F-11D3-BF4B-00C04F79EFBC}") = "Tyuiu.AymurzinaJV.Sprint4.Task5.V16.Lib", "Tyuiu.AymurzinaJV.Sprint4.Task5.V16.Lib\Tyuiu.AymurzinaJV.Sprint4.Task5.V16.Lib.csproj", "{37C0AE7D-F4DA-4587-A740-5F08A32E27FE}"
EndProject
Project("{FAE04EC0-301F-11D3-BF4B-00C04F79EFBC}") = "Tyuiu.AymurzinaJV.Sprint4.Task5.V16.Test", "Tyuiu.AymurzinaJV.Sprint4.Task5.V16.Test\Tyuiu.AymurzinaJV.Sprint4.Task5.V16.Test.csproj", "{64B3D060-192E-4BAE-983B-2740012FB4FA}"
EndProject
Project("{2150E333-8FDC-42A3-9474-1A3956D46DE8}") = "Task6", "Task6", "{30959233-75CE-4D65-A86F-C7F589317CA1}"
EndProject
Project("{FAE04EC0-301F-11D3-BF4B-00C04F79EFBC}") = "Tyuiu.AymurzinaJV.Sprint4.Task6.V16", "Tyuiu.AymurzinaJV.Sprint4.Task6.V16\Tyuiu.AymurzinaJV.Sprint4.Task6.V16.csproj", "{A3428802-73D4-41C7-8EF4-7C65ADCB3945}"
EndProject
Project("{FAE04EC0-301F-11D3-BF4B-00C04F79EFBC}") = "Tyuiu.AymurzinaJV.Sprint4.Task6.V16.Lib", "Tyuiu.AymurzinaJV.Sprint4.Task6.V16.Lib\Tyuiu.AymurzinaJV.Sprint4.Task6.V16.Lib.csproj", "{55100844-B743-4136-B9CF-C0CB9CC4E07B}"
EndProject
Project("{FAE04EC0-301F-11D3-BF4B-00C04F79EFBC}") = "Tyuiu.AymurzinaJV.Sprint4.Task6.V16.Test", "Tyuiu.AymurzinaJV.Sprint4.Task6.V16.Test\Tyuiu.AymurzinaJV.Sprint4.Task6.V16.Test.csproj", "{EC955DDD-62F2-401A-B309-50DF14175959}"
EndProject
Global
	GlobalSection(SolutionConfigurationPlatforms) = preSolution
		Debug|Any CPU = Debug|Any CPU
		Release|Any CPU = Release|Any CPU
	EndGlobalSection
	GlobalSection(ProjectConfigurationPlatforms) = postSolution
		{0C3C39FC-62CE-49F7-AA36-20FA979CDD74}.Debug|Any CPU.ActiveCfg = Debug|Any CPU
		{0C3C39FC-62CE-49F7-AA36-20FA979CDD74}.Debug|Any CPU.Build.0 = Debug|Any CPU
		{0C3C39FC-62CE-49F7-AA36-20FA979CDD74}.Release|Any CPU.ActiveCfg = Release|Any CPU
		{0C3C39FC-62CE-49F7-AA36-20FA979CDD74}.Release|Any CPU.Build.0 = Release|Any CPU
		{E9493DFF-9479-4491-BF99-DFA4F8C06C4D}.Debug|Any CPU.ActiveCfg = Debug|Any CPU
		{E9493DFF-9479-4491-BF99-DFA4F8C06C4D}.Debug|Any CPU.Build.0 = Debug|Any CPU
		{E9493DFF-9479-4491-BF99-DFA4F8C06C4D}.Release|Any CPU.ActiveCfg = Release|Any CPU
		{E9493DFF-9479-4491-BF99-DFA4F8C06C4D}.Release|Any CPU.Build.0 = Release|Any CPU
		{2FF9EF74-8CC0-4FA1-BA97-318898970B48}.Debug|Any CPU.ActiveCfg = Debug|Any CPU
		{2FF9EF74-8CC0-4FA1-BA97-318898970B48}.Debug|Any CPU.Build.0 = Debug|Any CPU
		{2FF9EF74-8CC0-4FA1-BA97-318898970B48}.Release|Any CPU.ActiveCfg = Release|Any CPU
		{2FF9EF74-8CC0-4FA1-BA97-318898970B48}.Release|Any CPU.Build.0 = Release|Any CPU
		{2D51DB15-46CF-45A2-B61C-EFC295C083B2}.Debug|Any CPU.ActiveCfg = Debug|Any CPU
		{2D51DB15-46CF-45A2-B61C-EFC295C083B2}.Debug|Any CPU.Build.0 = Debug|Any CPU
		{2D51DB15-46CF-45A2-B61C-EFC295C083B2}.Release|Any CPU.ActiveCfg = Release|Any CPU
		{2D51DB15-46CF-45A2-B61C-EFC295C083B2}.Release|Any CPU.Build.0 = Release|Any CPU
		{ACEE526D-97D4-4E70-9016-496FC193346D}.Debug|Any CPU.ActiveCfg = Debug|Any CPU
		{ACEE526D-97D4-4E70-9016-496FC193346D}.Debug|Any CPU.Build.0 = Debug|Any CPU
		{ACEE526D-97D4-4E70-9016-496FC193346D}.Release|Any CPU.ActiveCfg = Release|Any CPU
		{ACEE526D-97D4-4E70-9016-496FC193346D}.Release|Any CPU.Build.0 = Release|Any CPU
		{4D34CF21-ADAB-491D-9EF1-91A02B344AB4}.Debug|Any CPU.ActiveCfg = Debug|Any CPU
		{4D34CF21-ADAB-491D-9EF1-91A02B344AB4}.Debug|Any CPU.Build.0 = Debug|Any CPU
		{4D34CF21-ADAB-491D-9EF1-91A02B344AB4}.Release|Any CPU.ActiveCfg = Release|Any CPU
		{4D34CF21-ADAB-491D-9EF1-91A02B344AB4}.Release|Any CPU.Build.0 = Release|Any CPU
		{B1F8D75B-AFDE-4879-A154-4C2C64E4D602}.Debug|Any CPU.ActiveCfg = Debug|Any CPU
		{B1F8D75B-AFDE-4879-A154-4C2C64E4D602}.Debug|Any CPU.Build.0 = Debug|Any CPU
		{B1F8D75B-AFDE-4879-A154-4C2C64E4D602}.Release|Any CPU.ActiveCfg = Release|Any CPU
		{B1F8D75B-AFDE-4879-A154-4C2C64E4D602}.Release|Any CPU.Build.0 = Release|Any CPU
		{68B0CA57-28E6-443C-89D4-78A5581FA4BB}.Debug|Any CPU.ActiveCfg = Debug|Any CPU
		{68B0CA57-28E6-443C-89D4-78A5581FA4BB}.Debug|Any CPU.Build.0 = Debug|Any CPU
		{68B0CA57-28E6-443C-89D4-78A5581FA4BB}.Release|Any CPU.ActiveCfg = Release|Any CPU
		{68B0CA57-28E6-443C-89D4-78A5581FA4BB}.Release|Any CPU.Build.0 = Release|Any CPU
		{0251D44E-732F-4201-B1AA-734966ED1323}.Debug|Any CPU.ActiveCfg = Debug|Any CPU
		{0251D44E-732F-4201-B1AA-734966ED1323}.Debug|Any CPU.Build.0 = Debug|Any CPU
		{0251D44E-732F-4201-B1AA-734966ED1323}.Release|Any CPU.ActiveCfg = Release|Any CPU
		{0251D44E-732F-4201-B1AA-734966ED1323}.Release|Any CPU.Build.0 = Release|Any CPU
		{FD9AC2E6-4BC9-4F75-84F3-8EB540B5EDE2}.Debug|Any CPU.ActiveCfg = Debug|Any CPU
		{FD9AC2E6-4BC9-4F75-84F3-8EB540B5EDE2}.Debug|Any CPU.Build.0 = Debug|Any CPU
		{FD9AC2E6-4BC9-4F75-84F3-8EB540B5EDE2}.Release|Any CPU.ActiveCfg = Release|Any CPU
		{FD9AC2E6-4BC9-4F75-84F3-8EB540B5EDE2}.Release|Any CPU.Build.0 = Release|Any CPU
		{0945530E-72A8-494F-A02A-20D1A0FEFC56}.Debug|Any CPU.ActiveCfg = Debug|Any CPU
		{0945530E-72A8-494F-A02A-20D1A0FEFC56}.Debug|Any CPU.Build.0 = Debug|Any CPU
		{0945530E-72A8-494F-A02A-20D1A0FEFC56}.Release|Any CPU.ActiveCfg = Release|Any CPU
		{0945530E-72A8-494F-A02A-20D1A0FEFC56}.Release|Any CPU.Build.0 = Release|Any CPU
		{9F1A1EDA-42F5-4A7F-904C-FA6D73638C09}.Debug|Any CPU.ActiveCfg = Debug|Any CPU
		{9F1A1EDA-42F5-4A7F-904C-FA6D73638C09}.Debug|Any CPU.Build.0 = Debug|Any CPU
		{9F1A1EDA-42F5-4A7F-904C-FA6D73638C09}.Release|Any CPU.ActiveCfg = Release|Any CPU
		{9F1A1EDA-42F5-4A7F-904C-FA6D73638C09}.Release|Any CPU.Build.0 = Release|Any CPU
		{B41B1DA6-112B-4899-BF8D-00E67C7D8F74}.Debug|Any CPU.ActiveCfg = Debug|Any CPU
		{B41B1DA6-112B-4899-BF8D-00E67C7D8F74}.Debug|Any CPU.Build.0 = Debug|Any CPU
		{B41B1DA6-112B-4899-BF8D-00E67C7D8F74}.Release|Any CPU.ActiveCfg = Release|Any CPU
		{B41B1DA6-112B-4899-BF8D-00E67C7D8F74}.Release|Any CPU.Build.0 = Release|Any CPU
		{13DFD136-B927-4665-A2DC-C408B51D15BC}.Debug|Any CPU.ActiveCfg = Debug|Any CPU
		{13DFD136-B927-4665-A2DC-C408B51D15BC}.Debug|Any CPU.Build.0 = Debug|Any CPU
		{13DFD136-B927-4665-A2DC-C408B51D15BC}.Release|Any CPU.ActiveCfg = Release|Any CPU
		{13DFD136-B927-4665-A2DC-C408B51D15BC}.Release|Any CPU.Build.0 = Release|Any CPU
		{E6A7509E-73F6-4F6C-912A-29B00EA0AA14}.Debug|Any CPU.ActiveCfg = Debug|Any CPU
		{E6A7509E-73F6-4F6C-912A-29B00EA0AA14}.Debug|Any CPU.Build.0 = Debug|Any CPU
		{E6A7509E-73F6-4F6C-912A-29B00EA0AA14}.Release|Any CPU.ActiveCfg = Release|Any CPU
		{E6A7509E-73F6-4F6C-912A-29B00EA0AA14}.Release|Any CPU.Build.0 = Release|Any CPU
		{0DC5E53A-09B5-437A-A074-E0321CD3C8CE}.Debug|Any CPU.ActiveCfg = Debug|Any CPU
		{0DC5E53A-09B5-437A-A074-E0321CD3C8CE}.Debug|Any CPU.Build.0 = Debug|Any CPU
		{0DC5E53A-09B5-437A-A074-E0321CD3C8CE}.Release|Any CPU.ActiveCfg = Release|Any CPU
		{0DC5E53A-09B5-437A-A074-E0321CD3C8CE}.Release|Any CPU.Build.0 = Release|Any CPU
		{37C0AE7D-F4DA-4587-A740-5F08A32E27FE}.Debug|Any CPU.ActiveCfg = Debug|Any CPU
		{37C0AE7D-F4DA-4587-A740-5F08A32E27FE}.Debug|Any CPU.Build.0 = Debug|Any CPU
		{37C0AE7D-F4DA-4587-A740-5F08A32E27FE}.Release|Any CPU.ActiveCfg = Release|Any CPU
		{37C0AE7D-F4DA-4587-A740-5F08A32E27FE}.Release|Any CPU.Build.0 = Release|Any CPU
		{64B3D060-192E-4BAE-983B-2740012FB4FA}.Debug|Any CPU.ActiveCfg = Debug|Any CPU
		{64B3D060-192E-4BAE-983B-2740012FB4FA}.Debug|Any CPU.Build.0 = Debug|Any CPU
		{64B3D060-192E-4BAE-983B-2740012FB4FA}.Release|Any CPU.ActiveCfg = Release|Any CPU
		{64B3D060-192E-4BAE-983B-2740012FB4FA}.Release|Any CPU.Build.0 = Release|Any CPU
		{A3428802-73D4-41C7-8EF4-7C65ADCB3945}.Debug|Any CPU.ActiveCfg = Debug|Any CPU
		{A3428802-73D4-41C7-8EF4-7C65ADCB3945}.Debug|Any CPU.Build.0 = Debug|Any CPU
		{A3428802-73D4-41C7-8EF4-7C65ADCB3945}.Release|Any CPU.ActiveCfg = Release|Any CPU
		{A3428802-73D4-41C7-8EF4-7C65ADCB3945}.Release|Any CPU.Build.0 = Release|Any CPU
		{55100844-B743-4136-B9CF-C0CB9CC4E07B}.Debug|Any CPU.ActiveCfg = Debug|Any CPU
		{55100844-B743-4136-B9CF-C0CB9CC4E07B}.Debug|Any CPU.Build.0 = Debug|Any CPU
		{55100844-B743-4136-B9CF-C0CB9CC4E07B}.Release|Any CPU.ActiveCfg = Release|Any CPU
		{55100844-B743-4136-B9CF-C0CB9CC4E07B}.Release|Any CPU.Build.0 = Release|Any CPU
		{EC955DDD-62F2-401A-B309-50DF14175959}.Debug|Any CPU.ActiveCfg = Debug|Any CPU
		{EC955DDD-62F2-401A-B309-50DF14175959}.Debug|Any CPU.Build.0 = Debug|Any CPU
		{EC955DDD-62F2-401A-B309-50DF14175959}.Release|Any CPU.ActiveCfg = Release|Any CPU
		{EC955DDD-62F2-401A-B309-50DF14175959}.Release|Any CPU.Build.0 = Release|Any CPU
	EndGlobalSection
	GlobalSection(SolutionProperties) = preSolution
		HideSolutionNode = FALSE
	EndGlobalSection
	GlobalSection(NestedProjects) = preSolution
		{0C3C39FC-62CE-49F7-AA36-20FA979CDD74} = {02EA681E-C7D8-13C7-8484-4AC65E1B71E8}
		{E9493DFF-9479-4491-BF99-DFA4F8C06C4D} = {02EA681E-C7D8-13C7-8484-4AC65E1B71E8}
		{2FF9EF74-8CC0-4FA1-BA97-318898970B48} = {02EA681E-C7D8-13C7-8484-4AC65E1B71E8}
		{2D51DB15-46CF-45A2-B61C-EFC295C083B2} = {E30DCCAB-65A0-47DA-8A1A-430E4055DC09}
		{ACEE526D-97D4-4E70-9016-496FC193346D} = {E30DCCAB-65A0-47DA-8A1A-430E4055DC09}
		{4D34CF21-ADAB-491D-9EF1-91A02B344AB4} = {E30DCCAB-65A0-47DA-8A1A-430E4055DC09}
		{B1F8D75B-AFDE-4879-A154-4C2C64E4D602} = {42343578-713D-40C1-BBDC-D108A4A97DA8}
		{68B0CA57-28E6-443C-89D4-78A5581FA4BB} = {42343578-713D-40C1-BBDC-D108A4A97DA8}
		{0251D44E-732F-4201-B1AA-734966ED1323} = {42343578-713D-40C1-BBDC-D108A4A97DA8}
		{FD9AC2E6-4BC9-4F75-84F3-8EB540B5EDE2} = {3FE021B5-6ABF-43A2-8737-F4A63CC141F5}
		{0945530E-72A8-494F-A02A-20D1A0FEFC56} = {3FE021B5-6ABF-43A2-8737-F4A63CC141F5}
		{9F1A1EDA-42F5-4A7F-904C-FA6D73638C09} = {3FE021B5-6ABF-43A2-8737-F4A63CC141F5}
		{B41B1DA6-112B-4899-BF8D-00E67C7D8F74} = {0536F4B4-A738-4EBC-B314-0B16ED777E16}
		{13DFD136-B927-4665-A2DC-C408B51D15BC} = {0536F4B4-A738-4EBC-B314-0B16ED777E16}
		{E6A7509E-73F6-4F6C-912A-29B00EA0AA14} = {0536F4B4-A738-4EBC-B314-0B16ED777E16}
		{0DC5E53A-09B5-437A-A074-E0321CD3C8CE} = {BE4E099D-41D2-4767-AE51-E694100B2BAC}
		{37C0AE7D-F4DA-4587-A740-5F08A32E27FE} = {BE4E099D-41D2-4767-AE51-E694100B2BAC}
		{64B3D060-192E-4BAE-983B-2740012FB4FA} = {BE4E099D-41D2-4767-AE51-E694100B2BAC}
		{A3428802-73D4-41C7-8EF4-7C65ADCB3945} = {30959233-75CE-4D65-A86F-C7F589317CA1}
		{55100844-B743-4136-B9CF-C0CB9CC4E07B} = {30959233-75CE-4D65-A86F-C7F589317CA1}
		{EC955DDD-62F2-401A-B309-50DF14175959} = {30959233-75CE-4D65-A86F-C7F589317CA1}
	EndGlobalSection
	GlobalSection(ExtensibilityGlobals) = postSolution
		SolutionGuid = {116930E7-F9ED-4450-9B2B-234312E909D9}
	EndGlobalSection
EndGlobal
